
Microsoft Visual Studio Solution File, Format Version 12.00
# Visual Studio Version 16
VisualStudioVersion = 25.0.1700.0
MinimumVisualStudioVersion = 10.0.40219.1
Project("{FAE04EC0-301F-11D3-BF4B-00C04F79EFBC}") = "KafkaApp", "KafkaApp.csproj", "{C09F86A2-82A2-406D-910E-0C4DCE909638}"
EndProject
Global
	GlobalSection(SolutionConfigurationPlatforms) = preSolution
		Debug|Any CPU = Debug|Any CPU
		Release|Any CPU = Release|Any CPU
	EndGlobalSection
	GlobalSection(ProjectConfigurationPlatforms) = postSolution
		{C09F86A2-82A2-406D-910E-0C4DCE909638}.Debug|Any CPU.ActiveCfg = Debug|Any CPU
		{C09F86A2-82A2-406D-910E-0C4DCE909638}.Debug|Any CPU.Build.0 = Debug|Any CPU
		{C09F86A2-82A2-406D-910E-0C4DCE909638}.Release|Any CPU.ActiveCfg = Release|Any CPU
		{C09F86A2-82A2-406D-910E-0C4DCE909638}.Release|Any CPU.Build.0 = Release|Any CPU
	EndGlobalSection
	GlobalSection(SolutionProperties) = preSolution
		HideSolutionNode = FALSE
	EndGlobalSection
	GlobalSection(ExtensibilityGlobals) = postSolution
		SolutionGuid = {7834ABBF-D71C-4B14-9803-D13E26CA52E7}
	EndGlobalSection
EndGlobal
